
Microsoft Visual Studio Solution File, Format Version 12.00
Project("{FAE04EC0-301F-11D3-BF4B-00C04F79EFBC}") = "FactorioCalc", "FactorioCalc\FactorioCalc.csproj", "{73EBA162-A3BE-43CC-9B55-CA16332F439D}"
EndProject
Project("{FAE04EC0-301F-11D3-BF4B-00C04F79EFBC}") = "UiLibrary", "UiLibrary\UiLibrary.csproj", "{70F74D2B-9747-4185-B369-64F77BC8D0D5}"
EndProject
Project("{FAE04EC0-301F-11D3-BF4B-00C04F79EFBC}") = "FactorioData", "FactorioData\FactorioData.csproj", "{CED05634-9E9E-40EF-9A92-30C8650B14C7}"
EndProject
Global
	GlobalSection(SolutionConfigurationPlatforms) = preSolution
		Debug|Any CPU = Debug|Any CPU
		Release|Any CPU = Release|Any CPU
	EndGlobalSection
	GlobalSection(ProjectConfigurationPlatforms) = postSolution
		{73EBA162-A3BE-43CC-9B55-CA16332F439D}.Debug|Any CPU.ActiveCfg = Debug|Any CPU
		{73EBA162-A3BE-43CC-9B55-CA16332F439D}.Debug|Any CPU.Build.0 = Debug|Any CPU
		{73EBA162-A3BE-43CC-9B55-CA16332F439D}.Release|Any CPU.ActiveCfg = Release|Any CPU
		{73EBA162-A3BE-43CC-9B55-CA16332F439D}.Release|Any CPU.Build.0 = Release|Any CPU
		{70F74D2B-9747-4185-B369-64F77BC8D0D5}.Debug|Any CPU.ActiveCfg = Debug|Any CPU
		{70F74D2B-9747-4185-B369-64F77BC8D0D5}.Debug|Any CPU.Build.0 = Debug|Any CPU
		{70F74D2B-9747-4185-B369-64F77BC8D0D5}.Release|Any CPU.ActiveCfg = Release|Any CPU
		{70F74D2B-9747-4185-B369-64F77BC8D0D5}.Release|Any CPU.Build.0 = Release|Any CPU
		{CED05634-9E9E-40EF-9A92-30C8650B14C7}.Debug|Any CPU.ActiveCfg = Debug|Any CPU
		{CED05634-9E9E-40EF-9A92-30C8650B14C7}.Debug|Any CPU.Build.0 = Debug|Any CPU
		{CED05634-9E9E-40EF-9A92-30C8650B14C7}.Release|Any CPU.ActiveCfg = Release|Any CPU
		{CED05634-9E9E-40EF-9A92-30C8650B14C7}.Release|Any CPU.Build.0 = Release|Any CPU
	EndGlobalSection
EndGlobal
