
Microsoft Visual Studio Solution File, Format Version 12.00
# 
Project("{FAE04EC0-301F-11D3-BF4B-00C04F79EFBC}") = "Yafc", "Yafc\Yafc.csproj", "{73EBA162-A3BE-43CC-9B55-CA16332F439D}"
EndProject
Project("{FAE04EC0-301F-11D3-BF4B-00C04F79EFBC}") = "Yafc.UI", "Yafc.UI\Yafc.UI.csproj", "{70F74D2B-9747-4185-B369-64F77BC8D0D5}"
EndProject
Project("{FAE04EC0-301F-11D3-BF4B-00C04F79EFBC}") = "Yafc.Model", "Yafc.Model\Yafc.Model.csproj", "{CED05634-9E9E-40EF-9A92-30C8650B14C7}"
EndProject
Project("{FAE04EC0-301F-11D3-BF4B-00C04F79EFBC}") = "Yafc.Parser", "Yafc.Parser\Yafc.Parser.csproj", "{4B64D4DD-B6ED-457D-9000-EA0381585959}"
EndProject
Project("{FAE04EC0-301F-11D3-BF4B-00C04F79EFBC}") = "CommandLineToolExample", "CommandLineToolExample\CommandLineToolExample.csproj", "{57E8CAE8-A3F8-4532-B32F-09347852479E}"
EndProject
Project("{FAE04EC0-301F-11D3-BF4B-00C04F79EFBC}") = "Yafc.Model.Tests", "Yafc.Model.Tests\Yafc.Model.Tests.csproj", "{66B66728-84F0-4242-B49A-B9D746A3CCA5}"
EndProject
Project("{2150E333-8FDC-42A3-9474-1A3956D46DE8}") = "Solution Items", "Solution Items", "{D6A715CB-5C17-4DD7-9ADA-5D7F44FADFCF}"
	ProjectSection(SolutionItems) = preProject
		changelog.txt = changelog.txt
	EndProjectSection
EndProject
Global
	GlobalSection(SolutionConfigurationPlatforms) = preSolution
		Debug|Any CPU = Debug|Any CPU
		Release|Any CPU = Release|Any CPU
	EndGlobalSection
	GlobalSection(ProjectConfigurationPlatforms) = postSolution
		{73EBA162-A3BE-43CC-9B55-CA16332F439D}.Debug|Any CPU.ActiveCfg = Debug|Any CPU
		{73EBA162-A3BE-43CC-9B55-CA16332F439D}.Debug|Any CPU.Build.0 = Debug|Any CPU
		{73EBA162-A3BE-43CC-9B55-CA16332F439D}.Release|Any CPU.ActiveCfg = Release|Any CPU
		{73EBA162-A3BE-43CC-9B55-CA16332F439D}.Release|Any CPU.Build.0 = Release|Any CPU
		{70F74D2B-9747-4185-B369-64F77BC8D0D5}.Debug|Any CPU.ActiveCfg = Debug|Any CPU
		{70F74D2B-9747-4185-B369-64F77BC8D0D5}.Debug|Any CPU.Build.0 = Debug|Any CPU
		{70F74D2B-9747-4185-B369-64F77BC8D0D5}.Release|Any CPU.ActiveCfg = Release|Any CPU
		{70F74D2B-9747-4185-B369-64F77BC8D0D5}.Release|Any CPU.Build.0 = Release|Any CPU
		{CED05634-9E9E-40EF-9A92-30C8650B14C7}.Debug|Any CPU.ActiveCfg = Debug|Any CPU
		{CED05634-9E9E-40EF-9A92-30C8650B14C7}.Debug|Any CPU.Build.0 = Debug|Any CPU
		{CED05634-9E9E-40EF-9A92-30C8650B14C7}.Release|Any CPU.ActiveCfg = Release|Any CPU
		{CED05634-9E9E-40EF-9A92-30C8650B14C7}.Release|Any CPU.Build.0 = Release|Any CPU
		{4B64D4DD-B6ED-457D-9000-EA0381585959}.Debug|Any CPU.ActiveCfg = Debug|Any CPU
		{4B64D4DD-B6ED-457D-9000-EA0381585959}.Debug|Any CPU.Build.0 = Debug|Any CPU
		{4B64D4DD-B6ED-457D-9000-EA0381585959}.Release|Any CPU.ActiveCfg = Release|Any CPU
		{4B64D4DD-B6ED-457D-9000-EA0381585959}.Release|Any CPU.Build.0 = Release|Any CPU
		{57E8CAE8-A3F8-4532-B32F-09347852479E}.Debug|Any CPU.ActiveCfg = Debug|Any CPU
		{57E8CAE8-A3F8-4532-B32F-09347852479E}.Debug|Any CPU.Build.0 = Debug|Any CPU
		{57E8CAE8-A3F8-4532-B32F-09347852479E}.Release|Any CPU.ActiveCfg = Release|Any CPU
		{57E8CAE8-A3F8-4532-B32F-09347852479E}.Release|Any CPU.Build.0 = Release|Any CPU
		{66B66728-84F0-4242-B49A-B9D746A3CCA5}.Debug|Any CPU.ActiveCfg = Debug|Any CPU
		{66B66728-84F0-4242-B49A-B9D746A3CCA5}.Debug|Any CPU.Build.0 = Debug|Any CPU
		{66B66728-84F0-4242-B49A-B9D746A3CCA5}.Release|Any CPU.ActiveCfg = Release|Any CPU
		{66B66728-84F0-4242-B49A-B9D746A3CCA5}.Release|Any CPU.Build.0 = Release|Any CPU
	EndGlobalSection
	GlobalSection(SolutionProperties) = preSolution
		HideSolutionNode = FALSE
	EndGlobalSection
EndGlobal
